
Microsoft Visual Studio Solution File, Format Version 12.00
# Visual Studio Version 16
VisualStudioVersion = 16.0.30204.135
MinimumVisualStudioVersion = 10.0.40219.1
Project("{9A19103F-16F7-4668-BE54-9A1E7A4F7556}") = "API", "API\API.csproj", "{6C83985D-3160-4F8E-B93A-0C37A7A42984}"
EndProject
Project("{2150E333-8FDC-42A3-9474-1A3956D46DE8}") = "04. Web API", "04. Web API", "{530A3FE5-BC08-4FE9-9D56-DC98DE97C605}"
EndProject
Project("{2150E333-8FDC-42A3-9474-1A3956D46DE8}") = "00 Common", "00 Common", "{D7367B3E-331F-4EB1-9A76-D2D7CFEF4642}"
EndProject
Project("{2150E333-8FDC-42A3-9474-1A3956D46DE8}") = "01 Model", "01 Model", "{F5CDDA22-A9F8-4EE8-9357-D2A1CCA40FCC}"
EndProject
Project("{2150E333-8FDC-42A3-9474-1A3956D46DE8}") = "02 Data", "02 Data", "{12842067-F0F0-4115-817B-A80C2E1F6E49}"
EndProject
Project("{2150E333-8FDC-42A3-9474-1A3956D46DE8}") = "03 Service", "03 Service", "{B4C605B7-E6F7-4208-B947-B273AA1B9820}"
EndProject
Project("{FAE04EC0-301F-11D3-BF4B-00C04F79EFBC}") = "CheapestG.Common", "CheapestG.Common\CheapestG.Common.csproj", "{D8472004-BCFD-4308-8DF2-118E87CE1BAF}"
EndProject
Project("{FAE04EC0-301F-11D3-BF4B-00C04F79EFBC}") = "CheapestG.Service", "CheapestG.Service\CheapestG.Service.csproj", "{8316E1ED-D3A8-4DD7-9222-A5F575DE9424}"
EndProject
Project("{FAE04EC0-301F-11D3-BF4B-00C04F79EFBC}") = "CheapestG.Data", "CheapestG.Data\CheapestG.Data.csproj", "{B6337FAE-1BD7-4B55-87FE-974BF331830B}"
EndProject
Project("{FAE04EC0-301F-11D3-BF4B-00C04F79EFBC}") = "CheapestG.Context", "CheapestG.Context\CheapestG.Context.csproj", "{874830B6-A077-4EF0-B4B3-9F256D871A1F}"
EndProject
Project("{FAE04EC0-301F-11D3-BF4B-00C04F79EFBC}") = "CheapestG.Model", "CheapestG.Model\CheapestG.Model.csproj", "{1AB16B84-7556-40D9-9537-CDF8E4838790}"
EndProject
Global
	GlobalSection(SolutionConfigurationPlatforms) = preSolution
		Debug|Any CPU = Debug|Any CPU
		Release|Any CPU = Release|Any CPU
	EndGlobalSection
	GlobalSection(ProjectConfigurationPlatforms) = postSolution
		{6C83985D-3160-4F8E-B93A-0C37A7A42984}.Debug|Any CPU.ActiveCfg = Debug|Any CPU
		{6C83985D-3160-4F8E-B93A-0C37A7A42984}.Debug|Any CPU.Build.0 = Debug|Any CPU
		{6C83985D-3160-4F8E-B93A-0C37A7A42984}.Release|Any CPU.ActiveCfg = Release|Any CPU
		{6C83985D-3160-4F8E-B93A-0C37A7A42984}.Release|Any CPU.Build.0 = Release|Any CPU
		{D8472004-BCFD-4308-8DF2-118E87CE1BAF}.Debug|Any CPU.ActiveCfg = Debug|Any CPU
		{D8472004-BCFD-4308-8DF2-118E87CE1BAF}.Debug|Any CPU.Build.0 = Debug|Any CPU
		{D8472004-BCFD-4308-8DF2-118E87CE1BAF}.Release|Any CPU.ActiveCfg = Release|Any CPU
		{D8472004-BCFD-4308-8DF2-118E87CE1BAF}.Release|Any CPU.Build.0 = Release|Any CPU
		{8316E1ED-D3A8-4DD7-9222-A5F575DE9424}.Debug|Any CPU.ActiveCfg = Debug|Any CPU
		{8316E1ED-D3A8-4DD7-9222-A5F575DE9424}.Debug|Any CPU.Build.0 = Debug|Any CPU
		{8316E1ED-D3A8-4DD7-9222-A5F575DE9424}.Release|Any CPU.ActiveCfg = Release|Any CPU
		{8316E1ED-D3A8-4DD7-9222-A5F575DE9424}.Release|Any CPU.Build.0 = Release|Any CPU
		{B6337FAE-1BD7-4B55-87FE-974BF331830B}.Debug|Any CPU.ActiveCfg = Debug|Any CPU
		{B6337FAE-1BD7-4B55-87FE-974BF331830B}.Debug|Any CPU.Build.0 = Debug|Any CPU
		{B6337FAE-1BD7-4B55-87FE-974BF331830B}.Release|Any CPU.ActiveCfg = Release|Any CPU
		{B6337FAE-1BD7-4B55-87FE-974BF331830B}.Release|Any CPU.Build.0 = Release|Any CPU
		{874830B6-A077-4EF0-B4B3-9F256D871A1F}.Debug|Any CPU.ActiveCfg = Debug|Any CPU
		{874830B6-A077-4EF0-B4B3-9F256D871A1F}.Debug|Any CPU.Build.0 = Debug|Any CPU
		{874830B6-A077-4EF0-B4B3-9F256D871A1F}.Release|Any CPU.ActiveCfg = Release|Any CPU
		{874830B6-A077-4EF0-B4B3-9F256D871A1F}.Release|Any CPU.Build.0 = Release|Any CPU
		{1AB16B84-7556-40D9-9537-CDF8E4838790}.Debug|Any CPU.ActiveCfg = Debug|Any CPU
		{1AB16B84-7556-40D9-9537-CDF8E4838790}.Debug|Any CPU.Build.0 = Debug|Any CPU
		{1AB16B84-7556-40D9-9537-CDF8E4838790}.Release|Any CPU.ActiveCfg = Release|Any CPU
		{1AB16B84-7556-40D9-9537-CDF8E4838790}.Release|Any CPU.Build.0 = Release|Any CPU
	EndGlobalSection
	GlobalSection(SolutionProperties) = preSolution
		HideSolutionNode = FALSE
	EndGlobalSection
	GlobalSection(NestedProjects) = preSolution
		{6C83985D-3160-4F8E-B93A-0C37A7A42984} = {530A3FE5-BC08-4FE9-9D56-DC98DE97C605}
		{D8472004-BCFD-4308-8DF2-118E87CE1BAF} = {D7367B3E-331F-4EB1-9A76-D2D7CFEF4642}
		{8316E1ED-D3A8-4DD7-9222-A5F575DE9424} = {B4C605B7-E6F7-4208-B947-B273AA1B9820}
		{B6337FAE-1BD7-4B55-87FE-974BF331830B} = {12842067-F0F0-4115-817B-A80C2E1F6E49}
		{874830B6-A077-4EF0-B4B3-9F256D871A1F} = {12842067-F0F0-4115-817B-A80C2E1F6E49}
		{1AB16B84-7556-40D9-9537-CDF8E4838790} = {F5CDDA22-A9F8-4EE8-9357-D2A1CCA40FCC}
	EndGlobalSection
	GlobalSection(ExtensibilityGlobals) = postSolution
		SolutionGuid = {DDE48271-3673-46EE-9205-0086B521A1AE}
	EndGlobalSection
EndGlobal
